
Microsoft Visual Studio Solution File, Format Version 12.00
# Visual Studio Express 2012 for Windows Desktop
Project("{FAE04EC0-301F-11D3-BF4B-00C04F79EFBC}") = "Basic Calculator", "ConsoleApplication2\Basic Calculator.csproj", "{37451188-5DBC-4709-9B84-1B4E5FA915FF}"
EndProject
Global
	GlobalSection(SolutionConfigurationPlatforms) = preSolution
		Debug|Any CPU = Debug|Any CPU
		Release|Any CPU = Release|Any CPU
	EndGlobalSection
	GlobalSection(ProjectConfigurationPlatforms) = postSolution
		{37451188-5DBC-4709-9B84-1B4E5FA915FF}.Debug|Any CPU.ActiveCfg = Debug|Any CPU
		{37451188-5DBC-4709-9B84-1B4E5FA915FF}.Debug|Any CPU.Build.0 = Debug|Any CPU
		{37451188-5DBC-4709-9B84-1B4E5FA915FF}.Release|Any CPU.ActiveCfg = Release|Any CPU
		{37451188-5DBC-4709-9B84-1B4E5FA915FF}.Release|Any CPU.Build.0 = Release|Any CPU
	EndGlobalSection
	GlobalSection(SolutionProperties) = preSolution
		HideSolutionNode = FALSE
	EndGlobalSection
EndGlobal
